
Microsoft Visual Studio Solution File, Format Version 12.00
# Visual Studio Version 16
VisualStudioVersion = 16.0.28407.52
MinimumVisualStudioVersion = 10.0.40219.1
Project("{9A19103F-16F7-4668-BE54-9A1E7A4F7556}") = "6_0", "6_0\6_0.csproj", "{F29C1918-9F28-4A0D-8518-3D8C02B271A9}"
EndProject
Project("{9A19103F-16F7-4668-BE54-9A1E7A4F7556}") = "GuideLines", "GuideLines\GuideLines.csproj", "{0E6A2B56-D1F8-4BFB-AA15-D2F3F4FD58FA}"
EndProject
Project("{9A19103F-16F7-4668-BE54-9A1E7A4F7556}") = "7_0", "7_0\7_0.csproj", "{3DBC24D2-7EA0-4C27-80A0-7D40B7DB73B7}"
EndProject
Project("{9A19103F-16F7-4668-BE54-9A1E7A4F7556}") = "7_X_Point_Releases", "7_0_Point_Releases\7_X_Point_Releases.csproj", "{4075B0A0-93F9-4F87-BF7A-0A41E88F8810}"
EndProject
Project("{FAE04EC0-301F-11D3-BF4B-00C04F79EFBC}") = "DesignPatterns", "DesignPatterns\DesignPatterns.csproj", "{976CF366-B639-42EB-B0C8-AA2E53157D45}"
EndProject
Project("{FAE04EC0-301F-11D3-BF4B-00C04F79EFBC}") = "5_0", "5_0\5_0.csproj", "{39D0DC28-70B1-4DA3-A99A-8A2DCD3FE354}"
EndProject
Global
	GlobalSection(SolutionConfigurationPlatforms) = preSolution
		Debug|Any CPU = Debug|Any CPU
		Release|Any CPU = Release|Any CPU
	EndGlobalSection
	GlobalSection(ProjectConfigurationPlatforms) = postSolution
		{F29C1918-9F28-4A0D-8518-3D8C02B271A9}.Debug|Any CPU.ActiveCfg = Debug|Any CPU
		{F29C1918-9F28-4A0D-8518-3D8C02B271A9}.Debug|Any CPU.Build.0 = Debug|Any CPU
		{F29C1918-9F28-4A0D-8518-3D8C02B271A9}.Release|Any CPU.ActiveCfg = Release|Any CPU
		{F29C1918-9F28-4A0D-8518-3D8C02B271A9}.Release|Any CPU.Build.0 = Release|Any CPU
		{0E6A2B56-D1F8-4BFB-AA15-D2F3F4FD58FA}.Debug|Any CPU.ActiveCfg = Debug|Any CPU
		{0E6A2B56-D1F8-4BFB-AA15-D2F3F4FD58FA}.Debug|Any CPU.Build.0 = Debug|Any CPU
		{0E6A2B56-D1F8-4BFB-AA15-D2F3F4FD58FA}.Release|Any CPU.ActiveCfg = Release|Any CPU
		{0E6A2B56-D1F8-4BFB-AA15-D2F3F4FD58FA}.Release|Any CPU.Build.0 = Release|Any CPU
		{3DBC24D2-7EA0-4C27-80A0-7D40B7DB73B7}.Debug|Any CPU.ActiveCfg = Debug|Any CPU
		{3DBC24D2-7EA0-4C27-80A0-7D40B7DB73B7}.Debug|Any CPU.Build.0 = Debug|Any CPU
		{3DBC24D2-7EA0-4C27-80A0-7D40B7DB73B7}.Release|Any CPU.ActiveCfg = Release|Any CPU
		{3DBC24D2-7EA0-4C27-80A0-7D40B7DB73B7}.Release|Any CPU.Build.0 = Release|Any CPU
		{4075B0A0-93F9-4F87-BF7A-0A41E88F8810}.Debug|Any CPU.ActiveCfg = Debug|Any CPU
		{4075B0A0-93F9-4F87-BF7A-0A41E88F8810}.Debug|Any CPU.Build.0 = Debug|Any CPU
		{4075B0A0-93F9-4F87-BF7A-0A41E88F8810}.Release|Any CPU.ActiveCfg = Release|Any CPU
		{4075B0A0-93F9-4F87-BF7A-0A41E88F8810}.Release|Any CPU.Build.0 = Release|Any CPU
		{976CF366-B639-42EB-B0C8-AA2E53157D45}.Debug|Any CPU.ActiveCfg = Debug|Any CPU
		{976CF366-B639-42EB-B0C8-AA2E53157D45}.Debug|Any CPU.Build.0 = Debug|Any CPU
		{976CF366-B639-42EB-B0C8-AA2E53157D45}.Release|Any CPU.ActiveCfg = Release|Any CPU
		{976CF366-B639-42EB-B0C8-AA2E53157D45}.Release|Any CPU.Build.0 = Release|Any CPU
		{39D0DC28-70B1-4DA3-A99A-8A2DCD3FE354}.Debug|Any CPU.ActiveCfg = Debug|Any CPU
		{39D0DC28-70B1-4DA3-A99A-8A2DCD3FE354}.Debug|Any CPU.Build.0 = Debug|Any CPU
		{39D0DC28-70B1-4DA3-A99A-8A2DCD3FE354}.Release|Any CPU.ActiveCfg = Release|Any CPU
		{39D0DC28-70B1-4DA3-A99A-8A2DCD3FE354}.Release|Any CPU.Build.0 = Release|Any CPU
	EndGlobalSection
	GlobalSection(SolutionProperties) = preSolution
		HideSolutionNode = FALSE
	EndGlobalSection
	GlobalSection(ExtensibilityGlobals) = postSolution
		SolutionGuid = {65C10C01-90F8-4E99-AB73-1A7D31FA996C}
	EndGlobalSection
EndGlobal
